<?xml version="1.0" encoding="utf-8"?>
<Project ToolsVersion="4.0" xmlns="http://schemas.microsoft.com/developer/msbuild/2003">
  <ItemGroup>
    <Filter Include="Source Files">
      <UniqueIdentifier>{4FC737F1-C7A5-4376-A066-2A32D752A2FF}</UniqueIdentifier>
      <Extensions>cpp;c;cc;cxx;def;odl;idl;hpj;bat;asm;asmx</Extensions>
    </Filter>
    <Filter Include="Header Files">
      <UniqueIdentifier>{93995380-89BD-4b04-88EB-625FBE52EBFB}</UniqueIdentifier>
      <Extensions>h;hh;hpp;hxx;hm;inl;inc;ipp;xsd</Extensions>
    </Filter>
    <Filter Include="Resource Files">
      <UniqueIdentifier>{67DA6AB6-F800-4c08-8B7A-83BB121AAD01}</UniqueIdentifier>
      <Extensions>rc;ico;cur;bmp;dlg;rc2;rct;bin;rgs;gif;jpg;jpeg;jpe;resx;tiff;tif;png;wav;mfcribbon-ms</Extensions>
    </Filter>
    <Filter Include="Source Files\Models">
      <UniqueIdentifier>{b275effc-5fbe-48bf-97ef-e96e30c01c9a}</UniqueIdentifier>
    </Filter>
  </ItemGroup>
  <ItemGroup>
    <ClCompile Include="Source.cpp">
      <Filter>Source Files</Filter>
    </ClCompile>
    <ClCompile Include="Tiger.cpp">
      <Filter>Source Files\Models</Filter>
    </ClCompile>
    <ClCompile Include="Turtle.cpp">
      <Filter>Source Files\Models</Filter>
    </ClCompile>
    <ClCompile Include="..\..\OOP-05\Task-01\ZooAnimal.cpp">
      <Filter>Source Files\Models</Filter>
    </ClCompile>
    <ClCompile Include="Reptile.cpp">
      <Filter>Source Files\Models</Filter>
    </ClCompile>
    <ClCompile Include="Owl.cpp">
      <Filter>Source Files\Models</Filter>
    </ClCompile>
    <ClCompile Include="Monkey.cpp">
      <Filter>Source Files\Models</Filter>
    </ClCompile>
    <ClCompile Include="Mammal.cpp">
      <Filter>Source Files\Models</Filter>
    </ClCompile>
    <ClCompile Include="GriffonVulture.cpp">
      <Filter>Source Files\Models</Filter>
    </ClCompile>
    <ClCompile Include="Elephant.cpp">
      <Filter>Source Files\Models</Filter>
    </ClCompile>
    <ClCompile Include="Crocodile.cpp">
      <Filter>Source Files\Models</Filter>
    </ClCompile>
    <ClCompile Include="Bird.cpp">
      <Filter>Source Files\Models</Filter>
    </ClCompile>
  </ItemGroup>
  <ItemGroup>
    <ClInclude Include="..\..\OOP-05\Task-01\ZooAnimal.h">
      <Filter>Header Files</Filter>
    </ClInclude>
    <ClInclude Include="Mammal.h">
      <Filter>Header Files</Filter>
    </ClInclude>
    <ClInclude Include="Bird.h">
      <Filter>Header Files</Filter>
    </ClInclude>
    <ClInclude Include="Reptile.h">
      <Filter>Header Files</Filter>
    </ClInclude>
    <ClInclude Include="Tiger.h">
      <Filter>Header Files</Filter>
    </ClInclude>
    <ClInclude Include="Monkey.h">
      <Filter>Header Files</Filter>
    </ClInclude>
    <ClInclude Include="Elephant.h">
      <Filter>Header Files</Filter>
    </ClInclude>
    <ClInclude Include="GriffonVulture.h">
      <Filter>Header Files</Filter>
    </ClInclude>
    <ClInclude Include="Owl.h">
      <Filter>Header Files</Filter>
    </ClInclude>
    <ClInclude Include="Crocodile.h">
      <Filter>Header Files</Filter>
    </ClInclude>
    <ClInclude Include="Turtle.h">
      <Filter>Header Files</Filter>
    </ClInclude>
  </ItemGroup>
</Project>