
Microsoft Visual Studio Solution File, Format Version 12.00
# Visual Studio 15
VisualStudioVersion = 15.0.28307.271
MinimumVisualStudioVersion = 10.0.40219.1
Project("{8BC9CEB8-8B4A-11D0-8D11-00A0C91BC942}") = "Task-01", "Task-01\Task-01.vcxproj", "{78B9A5C5-ECAA-4188-9658-341471AA91BE}"
EndProject
Project("{8BC9CEB8-8B4A-11D0-8D11-00A0C91BC942}") = "Task-04", "Task-04\Task-04.vcxproj", "{D95969CD-8A9A-4A69-8635-B37D54F5796D}"
EndProject
Project("{8BC9CEB8-8B4A-11D0-8D11-00A0C91BC942}") = "Task-05", "Task-05\Task-05.vcxproj", "{1A3E174A-317A-4CC6-B681-8D8658AF0E0B}"
EndProject
Project("{8BC9CEB8-8B4A-11D0-8D11-00A0C91BC942}") = "Task-06", "Task-06\Task-06.vcxproj", "{A9DC173F-9CF5-473C-BDD4-8A891D28A0EA}"
EndProject
Project("{8BC9CEB8-8B4A-11D0-8D11-00A0C91BC942}") = "Task-02", "Task-02\Task-02.vcxproj", "{70ED0ED0-DB0B-4AFE-BB1D-3464CD16BB3E}"
EndProject
Global
	GlobalSection(SolutionConfigurationPlatforms) = preSolution
		Debug|x64 = Debug|x64
		Debug|x86 = Debug|x86
		Release|x64 = Release|x64
		Release|x86 = Release|x86
	EndGlobalSection
	GlobalSection(ProjectConfigurationPlatforms) = postSolution
		{78B9A5C5-ECAA-4188-9658-341471AA91BE}.Debug|x64.ActiveCfg = Debug|x64
		{78B9A5C5-ECAA-4188-9658-341471AA91BE}.Debug|x64.Build.0 = Debug|x64
		{78B9A5C5-ECAA-4188-9658-341471AA91BE}.Debug|x86.ActiveCfg = Debug|Win32
		{78B9A5C5-ECAA-4188-9658-341471AA91BE}.Debug|x86.Build.0 = Debug|Win32
		{78B9A5C5-ECAA-4188-9658-341471AA91BE}.Release|x64.ActiveCfg = Release|x64
		{78B9A5C5-ECAA-4188-9658-341471AA91BE}.Release|x64.Build.0 = Release|x64
		{78B9A5C5-ECAA-4188-9658-341471AA91BE}.Release|x86.ActiveCfg = Release|Win32
		{78B9A5C5-ECAA-4188-9658-341471AA91BE}.Release|x86.Build.0 = Release|Win32
		{D95969CD-8A9A-4A69-8635-B37D54F5796D}.Debug|x64.ActiveCfg = Debug|x64
		{D95969CD-8A9A-4A69-8635-B37D54F5796D}.Debug|x64.Build.0 = Debug|x64
		{D95969CD-8A9A-4A69-8635-B37D54F5796D}.Debug|x86.ActiveCfg = Debug|Win32
		{D95969CD-8A9A-4A69-8635-B37D54F5796D}.Debug|x86.Build.0 = Debug|Win32
		{D95969CD-8A9A-4A69-8635-B37D54F5796D}.Release|x64.ActiveCfg = Release|x64
		{D95969CD-8A9A-4A69-8635-B37D54F5796D}.Release|x64.Build.0 = Release|x64
		{D95969CD-8A9A-4A69-8635-B37D54F5796D}.Release|x86.ActiveCfg = Release|Win32
		{D95969CD-8A9A-4A69-8635-B37D54F5796D}.Release|x86.Build.0 = Release|Win32
		{1A3E174A-317A-4CC6-B681-8D8658AF0E0B}.Debug|x64.ActiveCfg = Debug|x64
		{1A3E174A-317A-4CC6-B681-8D8658AF0E0B}.Debug|x64.Build.0 = Debug|x64
		{1A3E174A-317A-4CC6-B681-8D8658AF0E0B}.Debug|x86.ActiveCfg = Debug|Win32
		{1A3E174A-317A-4CC6-B681-8D8658AF0E0B}.Debug|x86.Build.0 = Debug|Win32
		{1A3E174A-317A-4CC6-B681-8D8658AF0E0B}.Release|x64.ActiveCfg = Release|x64
		{1A3E174A-317A-4CC6-B681-8D8658AF0E0B}.Release|x64.Build.0 = Release|x64
		{1A3E174A-317A-4CC6-B681-8D8658AF0E0B}.Release|x86.ActiveCfg = Release|Win32
		{1A3E174A-317A-4CC6-B681-8D8658AF0E0B}.Release|x86.Build.0 = Release|Win32
		{A9DC173F-9CF5-473C-BDD4-8A891D28A0EA}.Debug|x64.ActiveCfg = Debug|x64
		{A9DC173F-9CF5-473C-BDD4-8A891D28A0EA}.Debug|x64.Build.0 = Debug|x64
		{A9DC173F-9CF5-473C-BDD4-8A891D28A0EA}.Debug|x86.ActiveCfg = Debug|Win32
		{A9DC173F-9CF5-473C-BDD4-8A891D28A0EA}.Debug|x86.Build.0 = Debug|Win32
		{A9DC173F-9CF5-473C-BDD4-8A891D28A0EA}.Release|x64.ActiveCfg = Release|x64
		{A9DC173F-9CF5-473C-BDD4-8A891D28A0EA}.Release|x64.Build.0 = Release|x64
		{A9DC173F-9CF5-473C-BDD4-8A891D28A0EA}.Release|x86.ActiveCfg = Release|Win32
		{A9DC173F-9CF5-473C-BDD4-8A891D28A0EA}.Release|x86.Build.0 = Release|Win32
		{70ED0ED0-DB0B-4AFE-BB1D-3464CD16BB3E}.Debug|x64.ActiveCfg = Debug|x64
		{70ED0ED0-DB0B-4AFE-BB1D-3464CD16BB3E}.Debug|x64.Build.0 = Debug|x64
		{70ED0ED0-DB0B-4AFE-BB1D-3464CD16BB3E}.Debug|x86.ActiveCfg = Debug|Win32
		{70ED0ED0-DB0B-4AFE-BB1D-3464CD16BB3E}.Debug|x86.Build.0 = Debug|Win32
		{70ED0ED0-DB0B-4AFE-BB1D-3464CD16BB3E}.Release|x64.ActiveCfg = Release|x64
		{70ED0ED0-DB0B-4AFE-BB1D-3464CD16BB3E}.Release|x64.Build.0 = Release|x64
		{70ED0ED0-DB0B-4AFE-BB1D-3464CD16BB3E}.Release|x86.ActiveCfg = Release|Win32
		{70ED0ED0-DB0B-4AFE-BB1D-3464CD16BB3E}.Release|x86.Build.0 = Release|Win32
	EndGlobalSection
	GlobalSection(SolutionProperties) = preSolution
		HideSolutionNode = FALSE
	EndGlobalSection
	GlobalSection(ExtensibilityGlobals) = postSolution
		SolutionGuid = {7895CE58-DC47-4F55-AEDC-683BA5274EC0}
	EndGlobalSection
EndGlobal
