
Microsoft Visual Studio Solution File, Format Version 12.00
# Visual Studio 15
VisualStudioVersion = 15.0.28307.271
MinimumVisualStudioVersion = 10.0.40219.1
Project("{8BC9CEB8-8B4A-11D0-8D11-00A0C91BC942}") = "OOP-06", "OOP-06\OOP-06.vcxproj", "{D05C23DB-574B-44B5-B3E7-C5EC0A319845}"
EndProject
Global
	GlobalSection(SolutionConfigurationPlatforms) = preSolution
		Debug|x64 = Debug|x64
		Debug|x86 = Debug|x86
		Release|x64 = Release|x64
		Release|x86 = Release|x86
	EndGlobalSection
	GlobalSection(ProjectConfigurationPlatforms) = postSolution
		{D05C23DB-574B-44B5-B3E7-C5EC0A319845}.Debug|x64.ActiveCfg = Debug|x64
		{D05C23DB-574B-44B5-B3E7-C5EC0A319845}.Debug|x64.Build.0 = Debug|x64
		{D05C23DB-574B-44B5-B3E7-C5EC0A319845}.Debug|x86.ActiveCfg = Debug|Win32
		{D05C23DB-574B-44B5-B3E7-C5EC0A319845}.Debug|x86.Build.0 = Debug|Win32
		{D05C23DB-574B-44B5-B3E7-C5EC0A319845}.Release|x64.ActiveCfg = Release|x64
		{D05C23DB-574B-44B5-B3E7-C5EC0A319845}.Release|x64.Build.0 = Release|x64
		{D05C23DB-574B-44B5-B3E7-C5EC0A319845}.Release|x86.ActiveCfg = Release|Win32
		{D05C23DB-574B-44B5-B3E7-C5EC0A319845}.Release|x86.Build.0 = Release|Win32
	EndGlobalSection
	GlobalSection(SolutionProperties) = preSolution
		HideSolutionNode = FALSE
	EndGlobalSection
	GlobalSection(ExtensibilityGlobals) = postSolution
		SolutionGuid = {06D09025-D954-47E4-8F46-F68B3DDB383A}
	EndGlobalSection
EndGlobal
